
Microsoft Visual Studio Solution File, Format Version 9.00
# Visual C++ Express 2005
Project("{8BC9CEB8-8B4A-11D0-8D11-00A0C91BC942}") = "jpeg", "jpeg.vcproj", "{4CE9D1E7-4B5F-4C94-8F1A-9AF5A1FCD727}"
EndProject
Global
	GlobalSection(SolutionConfigurationPlatforms) = preSolution
		Debug|Win32 = Debug|Win32
		Release|Win32 = Release|Win32
	EndGlobalSection
	GlobalSection(ProjectConfigurationPlatforms) = postSolution
		{4CE9D1E7-4B5F-4C94-8F1A-9AF5A1FCD727}.Debug|Win32.ActiveCfg = Debug|Win32
		{4CE9D1E7-4B5F-4C94-8F1A-9AF5A1FCD727}.Debug|Win32.Build.0 = Debug|Win32
		{4CE9D1E7-4B5F-4C94-8F1A-9AF5A1FCD727}.Release|Win32.ActiveCfg = Release|Win32
		{4CE9D1E7-4B5F-4C94-8F1A-9AF5A1FCD727}.Release|Win32.Build.0 = Release|Win32
	EndGlobalSection
	GlobalSection(SolutionProperties) = preSolution
		HideSolutionNode = FALSE
	EndGlobalSection
EndGlobal
